
Microsoft Visual Studio Solution File, Format Version 12.00
# Visual Studio Version 16
VisualStudioVersion = 16.0.31105.61
MinimumVisualStudioVersion = 10.0.40219.1
Project("{9A19103F-16F7-4668-BE54-9A1E7A4F7556}") = "OdataApi", "OdataApi\OdataApi.csproj", "{C11830E4-B512-44F0-B9C4-79799805FDFC}"
EndProject
Project("{9A19103F-16F7-4668-BE54-9A1E7A4F7556}") = "BlazorWasmUI", "BlazorWasmUI\BlazorWasmUI.csproj", "{A9D6638F-B83C-48AF-92DC-117584AA2E75}"
EndProject
Global
	GlobalSection(SolutionConfigurationPlatforms) = preSolution
		Debug|Any CPU = Debug|Any CPU
		Release|Any CPU = Release|Any CPU
	EndGlobalSection
	GlobalSection(ProjectConfigurationPlatforms) = postSolution
		{C11830E4-B512-44F0-B9C4-79799805FDFC}.Debug|Any CPU.ActiveCfg = Debug|Any CPU
		{C11830E4-B512-44F0-B9C4-79799805FDFC}.Debug|Any CPU.Build.0 = Debug|Any CPU
		{C11830E4-B512-44F0-B9C4-79799805FDFC}.Release|Any CPU.ActiveCfg = Release|Any CPU
		{C11830E4-B512-44F0-B9C4-79799805FDFC}.Release|Any CPU.Build.0 = Release|Any CPU
		{A9D6638F-B83C-48AF-92DC-117584AA2E75}.Debug|Any CPU.ActiveCfg = Debug|Any CPU
		{A9D6638F-B83C-48AF-92DC-117584AA2E75}.Debug|Any CPU.Build.0 = Debug|Any CPU
		{A9D6638F-B83C-48AF-92DC-117584AA2E75}.Release|Any CPU.ActiveCfg = Release|Any CPU
		{A9D6638F-B83C-48AF-92DC-117584AA2E75}.Release|Any CPU.Build.0 = Release|Any CPU
	EndGlobalSection
	GlobalSection(SolutionProperties) = preSolution
		HideSolutionNode = FALSE
	EndGlobalSection
	GlobalSection(ExtensibilityGlobals) = postSolution
		SolutionGuid = {151277D3-729B-4C97-990E-301AC06A4EB7}
	EndGlobalSection
EndGlobal
